
Microsoft Visual Studio Solution File, Format Version 12.00
# Visual Studio 15
VisualStudioVersion = 15.0.28307.902
MinimumVisualStudioVersion = 10.0.40219.1
Project("{9A19103F-16F7-4668-BE54-9A1E7A4F7556}") = "HelloWorld", "HelloWorld\HelloWorld.csproj", "{D74CBE5A-6B00-4032-9A3F-349ED0EC8EFB}"
EndProject
Project("{9A19103F-16F7-4668-BE54-9A1E7A4F7556}") = "ProgramStructureDemo", "ProgramStructureDemo\ProgramStructureDemo.csproj", "{01980843-D2A0-4595-9CAF-6FFF3A38C835}"
EndProject
Project("{9A19103F-16F7-4668-BE54-9A1E7A4F7556}") = "ReferenceDll", "ReferenceDll\ReferenceDll.csproj", "{06CF724D-10CB-4F82-97EF-D664F2C8A3D6}"
EndProject
Project("{9A19103F-16F7-4668-BE54-9A1E7A4F7556}") = "YieldDemo", "YieldDemo\YieldDemo.csproj", "{FEB11544-3132-4CFC-8C12-1F232D3D1C46}"
EndProject
Project("{9A19103F-16F7-4668-BE54-9A1E7A4F7556}") = "UsingDemo", "UsingDemo\UsingDemo.csproj", "{D3F8A110-D9CB-497E-8A89-C0F063732572}"
EndProject
Project("{9A19103F-16F7-4668-BE54-9A1E7A4F7556}") = "RefExample", "RefExample\RefExample.csproj", "{E7973338-5D0F-4DE6-AE92-8C54B02E3557}"
EndProject
Project("{9A19103F-16F7-4668-BE54-9A1E7A4F7556}") = "OutputParameterExample", "OutputParameterExample\OutputParameterExample.csproj", "{9899E006-1599-4FE7-8EC8-DB72F6EE520F}"
EndProject
Project("{9A19103F-16F7-4668-BE54-9A1E7A4F7556}") = "ArrayExample", "ArrayExample\ArrayExample.csproj", "{5C3BBF18-489D-4050-8F65-6102BAE21486}"
EndProject
Project("{FAE04EC0-301F-11D3-BF4B-00C04F79EFBC}") = "HelloWorldWpfExample", "HelloWorldWpfExample\HelloWorldWpfExample.csproj", "{EE2705F5-A305-4223-9069-03DFFAA12460}"
EndProject
Project("{FAE04EC0-301F-11D3-BF4B-00C04F79EFBC}") = "BarrierExample", "BarrierExample\BarrierExample.csproj", "{5F465ECA-BD33-4104-BBED-71BE746D581A}"
EndProject
Global
	GlobalSection(SolutionConfigurationPlatforms) = preSolution
		Debug|Any CPU = Debug|Any CPU
		Release|Any CPU = Release|Any CPU
	EndGlobalSection
	GlobalSection(ProjectConfigurationPlatforms) = postSolution
		{D74CBE5A-6B00-4032-9A3F-349ED0EC8EFB}.Debug|Any CPU.ActiveCfg = Debug|Any CPU
		{D74CBE5A-6B00-4032-9A3F-349ED0EC8EFB}.Debug|Any CPU.Build.0 = Debug|Any CPU
		{D74CBE5A-6B00-4032-9A3F-349ED0EC8EFB}.Release|Any CPU.ActiveCfg = Release|Any CPU
		{D74CBE5A-6B00-4032-9A3F-349ED0EC8EFB}.Release|Any CPU.Build.0 = Release|Any CPU
		{01980843-D2A0-4595-9CAF-6FFF3A38C835}.Debug|Any CPU.ActiveCfg = Debug|Any CPU
		{01980843-D2A0-4595-9CAF-6FFF3A38C835}.Debug|Any CPU.Build.0 = Debug|Any CPU
		{01980843-D2A0-4595-9CAF-6FFF3A38C835}.Release|Any CPU.ActiveCfg = Release|Any CPU
		{01980843-D2A0-4595-9CAF-6FFF3A38C835}.Release|Any CPU.Build.0 = Release|Any CPU
		{06CF724D-10CB-4F82-97EF-D664F2C8A3D6}.Debug|Any CPU.ActiveCfg = Debug|Any CPU
		{06CF724D-10CB-4F82-97EF-D664F2C8A3D6}.Debug|Any CPU.Build.0 = Debug|Any CPU
		{06CF724D-10CB-4F82-97EF-D664F2C8A3D6}.Release|Any CPU.ActiveCfg = Release|Any CPU
		{06CF724D-10CB-4F82-97EF-D664F2C8A3D6}.Release|Any CPU.Build.0 = Release|Any CPU
		{FEB11544-3132-4CFC-8C12-1F232D3D1C46}.Debug|Any CPU.ActiveCfg = Debug|Any CPU
		{FEB11544-3132-4CFC-8C12-1F232D3D1C46}.Debug|Any CPU.Build.0 = Debug|Any CPU
		{FEB11544-3132-4CFC-8C12-1F232D3D1C46}.Release|Any CPU.ActiveCfg = Release|Any CPU
		{FEB11544-3132-4CFC-8C12-1F232D3D1C46}.Release|Any CPU.Build.0 = Release|Any CPU
		{D3F8A110-D9CB-497E-8A89-C0F063732572}.Debug|Any CPU.ActiveCfg = Debug|Any CPU
		{D3F8A110-D9CB-497E-8A89-C0F063732572}.Debug|Any CPU.Build.0 = Debug|Any CPU
		{D3F8A110-D9CB-497E-8A89-C0F063732572}.Release|Any CPU.ActiveCfg = Release|Any CPU
		{D3F8A110-D9CB-497E-8A89-C0F063732572}.Release|Any CPU.Build.0 = Release|Any CPU
		{E7973338-5D0F-4DE6-AE92-8C54B02E3557}.Debug|Any CPU.ActiveCfg = Debug|Any CPU
		{E7973338-5D0F-4DE6-AE92-8C54B02E3557}.Debug|Any CPU.Build.0 = Debug|Any CPU
		{E7973338-5D0F-4DE6-AE92-8C54B02E3557}.Release|Any CPU.ActiveCfg = Release|Any CPU
		{E7973338-5D0F-4DE6-AE92-8C54B02E3557}.Release|Any CPU.Build.0 = Release|Any CPU
		{9899E006-1599-4FE7-8EC8-DB72F6EE520F}.Debug|Any CPU.ActiveCfg = Debug|Any CPU
		{9899E006-1599-4FE7-8EC8-DB72F6EE520F}.Debug|Any CPU.Build.0 = Debug|Any CPU
		{9899E006-1599-4FE7-8EC8-DB72F6EE520F}.Release|Any CPU.ActiveCfg = Release|Any CPU
		{9899E006-1599-4FE7-8EC8-DB72F6EE520F}.Release|Any CPU.Build.0 = Release|Any CPU
		{5C3BBF18-489D-4050-8F65-6102BAE21486}.Debug|Any CPU.ActiveCfg = Debug|Any CPU
		{5C3BBF18-489D-4050-8F65-6102BAE21486}.Debug|Any CPU.Build.0 = Debug|Any CPU
		{5C3BBF18-489D-4050-8F65-6102BAE21486}.Release|Any CPU.ActiveCfg = Release|Any CPU
		{5C3BBF18-489D-4050-8F65-6102BAE21486}.Release|Any CPU.Build.0 = Release|Any CPU
		{EE2705F5-A305-4223-9069-03DFFAA12460}.Debug|Any CPU.ActiveCfg = Debug|Any CPU
		{EE2705F5-A305-4223-9069-03DFFAA12460}.Debug|Any CPU.Build.0 = Debug|Any CPU
		{EE2705F5-A305-4223-9069-03DFFAA12460}.Release|Any CPU.ActiveCfg = Release|Any CPU
		{EE2705F5-A305-4223-9069-03DFFAA12460}.Release|Any CPU.Build.0 = Release|Any CPU
		{5F465ECA-BD33-4104-BBED-71BE746D581A}.Debug|Any CPU.ActiveCfg = Debug|Any CPU
		{5F465ECA-BD33-4104-BBED-71BE746D581A}.Debug|Any CPU.Build.0 = Debug|Any CPU
		{5F465ECA-BD33-4104-BBED-71BE746D581A}.Release|Any CPU.ActiveCfg = Release|Any CPU
		{5F465ECA-BD33-4104-BBED-71BE746D581A}.Release|Any CPU.Build.0 = Release|Any CPU
	EndGlobalSection
	GlobalSection(SolutionProperties) = preSolution
		HideSolutionNode = FALSE
	EndGlobalSection
	GlobalSection(ExtensibilityGlobals) = postSolution
		SolutionGuid = {02E45A1A-D333-436F-8215-5DEE731EA031}
	EndGlobalSection
EndGlobal
